
Microsoft Visual Studio Solution File, Format Version 12.00
# Visual Studio Version 17
VisualStudioVersion = 17.13.35931.197 d17.13
MinimumVisualStudioVersion = 10.0.40219.1
Project("{8BC9CEB8-8B4A-11D0-8D11-00A0C91BC942}") = "ejercicio10", "ejercicio10\ejercicio10.vcxproj", "{842EBF26-9738-4A54-8BFA-1B6EE8DB69A0}"
EndProject
Global
	GlobalSection(SolutionConfigurationPlatforms) = preSolution
		Debug|x64 = Debug|x64
		Debug|x86 = Debug|x86
		Release|x64 = Release|x64
		Release|x86 = Release|x86
	EndGlobalSection
	GlobalSection(ProjectConfigurationPlatforms) = postSolution
		{842EBF26-9738-4A54-8BFA-1B6EE8DB69A0}.Debug|x64.ActiveCfg = Debug|x64
		{842EBF26-9738-4A54-8BFA-1B6EE8DB69A0}.Debug|x64.Build.0 = Debug|x64
		{842EBF26-9738-4A54-8BFA-1B6EE8DB69A0}.Debug|x86.ActiveCfg = Debug|Win32
		{842EBF26-9738-4A54-8BFA-1B6EE8DB69A0}.Debug|x86.Build.0 = Debug|Win32
		{842EBF26-9738-4A54-8BFA-1B6EE8DB69A0}.Release|x64.ActiveCfg = Release|x64
		{842EBF26-9738-4A54-8BFA-1B6EE8DB69A0}.Release|x64.Build.0 = Release|x64
		{842EBF26-9738-4A54-8BFA-1B6EE8DB69A0}.Release|x86.ActiveCfg = Release|Win32
		{842EBF26-9738-4A54-8BFA-1B6EE8DB69A0}.Release|x86.Build.0 = Release|Win32
	EndGlobalSection
	GlobalSection(SolutionProperties) = preSolution
		HideSolutionNode = FALSE
	EndGlobalSection
	GlobalSection(ExtensibilityGlobals) = postSolution
		SolutionGuid = {5CBEA6F5-C724-48E0-9432-3EB459178400}
	EndGlobalSection
EndGlobal
